
Microsoft Visual Studio Solution File, Format Version 12.00
# Visual Studio Version 17
VisualStudioVersion = 17.11.35327.3
MinimumVisualStudioVersion = 10.0.40219.1
Project("{FAE04EC0-301F-11D3-BF4B-00C04F79EFBC}") = "BUSPs", "BUSPs.csproj", "{830FCD8E-D5EF-49F5-A145-A07822FF7AF2}"
EndProject
Global
	GlobalSection(SolutionConfigurationPlatforms) = preSolution
		Debug|Any CPU = Debug|Any CPU
		Release|Any CPU = Release|Any CPU
	EndGlobalSection
	GlobalSection(ProjectConfigurationPlatforms) = postSolution
		{830FCD8E-D5EF-49F5-A145-A07822FF7AF2}.Debug|Any CPU.ActiveCfg = Debug|Any CPU
		{830FCD8E-D5EF-49F5-A145-A07822FF7AF2}.Debug|Any CPU.Build.0 = Debug|Any CPU
		{830FCD8E-D5EF-49F5-A145-A07822FF7AF2}.Release|Any CPU.ActiveCfg = Release|Any CPU
		{830FCD8E-D5EF-49F5-A145-A07822FF7AF2}.Release|Any CPU.Build.0 = Release|Any CPU
	EndGlobalSection
	GlobalSection(SolutionProperties) = preSolution
		HideSolutionNode = FALSE
	EndGlobalSection
	GlobalSection(ExtensibilityGlobals) = postSolution
		SolutionGuid = {83C27670-5415-4324-9CED-0FAB99986F72}
	EndGlobalSection
EndGlobal
